
Microsoft Visual Studio Solution File, Format Version 9.00
# Visual Studio 2005
Project("{8BC9CEB8-8B4A-11D0-8D11-00A0C91BC942}") = "diana_core", "diana_core\diana_core\diana_core_8_0.vcproj", "{DDEE4514-39A8-4303-B80C-74D83D71D91A}"
EndProject
Project("{8BC9CEB8-8B4A-11D0-8D11-00A0C91BC942}") = "diana_core_tests", "diana_core\diana_core_tests\diana_core_tests_8_0.vcproj", "{7B85969C-8760-44C7-B11D-2A2FDC6FFCDE}"
	ProjectSection(ProjectDependencies) = postProject
		{DDEE4514-39A8-4303-B80C-74D83D71D91A} = {DDEE4514-39A8-4303-B80C-74D83D71D91A}
	EndProjectSection
EndProject
Global
	GlobalSection(SolutionConfigurationPlatforms) = preSolution
		Debug|Win32 = Debug|Win32
		Release|Win32 = Release|Win32
	EndGlobalSection
	GlobalSection(ProjectConfigurationPlatforms) = postSolution
		{DDEE4514-39A8-4303-B80C-74D83D71D91A}.Debug|Win32.ActiveCfg = Debug|Win32
		{DDEE4514-39A8-4303-B80C-74D83D71D91A}.Debug|Win32.Build.0 = Debug|Win32
		{DDEE4514-39A8-4303-B80C-74D83D71D91A}.Release|Win32.ActiveCfg = Release|Win32
		{DDEE4514-39A8-4303-B80C-74D83D71D91A}.Release|Win32.Build.0 = Release|Win32
		{7B85969C-8760-44C7-B11D-2A2FDC6FFCDE}.Debug|Win32.ActiveCfg = Debug|Win32
		{7B85969C-8760-44C7-B11D-2A2FDC6FFCDE}.Debug|Win32.Build.0 = Debug|Win32
		{7B85969C-8760-44C7-B11D-2A2FDC6FFCDE}.Release|Win32.ActiveCfg = Release|Win32
		{7B85969C-8760-44C7-B11D-2A2FDC6FFCDE}.Release|Win32.Build.0 = Release|Win32
	EndGlobalSection
	GlobalSection(SolutionProperties) = preSolution
		HideSolutionNode = FALSE
	EndGlobalSection
EndGlobal
