<?xml version="1.0" encoding="utf-8"?>
<Project ToolsVersion="4.0" xmlns="http://schemas.microsoft.com/developer/msbuild/2003">
  <ItemGroup>
    <Filter Include="Source Files">
      <UniqueIdentifier>{4FC737F1-C7A5-4376-A066-2A32D752A2FF}</UniqueIdentifier>
      <Extensions>cpp;c;cxx;def;odl;idl;hpj;bat;asm;asmx</Extensions>
    </Filter>
    <Filter Include="Source Files\processor">
      <UniqueIdentifier>{5ef902c9-a0d4-4aed-a02e-e1a714bee77e}</UniqueIdentifier>
    </Filter>
    <Filter Include="Source Files\patcher">
      <UniqueIdentifier>{18ecba8b-dcc2-4949-89e0-aa0d98abc3bd}</UniqueIdentifier>
    </Filter>
    <Filter Include="Header Files">
      <UniqueIdentifier>{93995380-89BD-4b04-88EB-625FBE52EBFB}</UniqueIdentifier>
      <Extensions>h;hpp;hxx;hm;inl;inc;xsd</Extensions>
    </Filter>
    <Filter Include="Header Files\processor">
      <UniqueIdentifier>{66d2f837-34b1-43b7-a09c-67f95820463e}</UniqueIdentifier>
    </Filter>
    <Filter Include="Header Files\patcher">
      <UniqueIdentifier>{ea76af0f-2980-4465-814a-b50258e9310d}</UniqueIdentifier>
    </Filter>
    <Filter Include="Resource Files">
      <UniqueIdentifier>{67DA6AB6-F800-4c08-8B7A-83BB121AAD01}</UniqueIdentifier>
      <Extensions>rc;ico;cur;bmp;dlg;rc2;rct;bin;rgs;gif;jpg;jpeg;jpe;resx</Extensions>
    </Filter>
  </ItemGroup>
  <ItemGroup>
    <ClCompile Include="diana_allocators.c">
      <Filter>Source Files</Filter>
    </ClCompile>
    <ClCompile Include="diana_analyze.c">
      <Filter>Source Files</Filter>
    </ClCompile>
    <ClCompile Include="diana_analyze2.c">
      <Filter>Source Files</Filter>
    </ClCompile>
    <ClCompile Include="diana_core.c">
      <Filter>Source Files</Filter>
    </ClCompile>
    <ClCompile Include="diana_core_gen_tags.c">
      <Filter>Source Files</Filter>
    </ClCompile>
    <ClCompile Include="diana_core_parsers.c">
      <Filter>Source Files</Filter>
    </ClCompile>
    <ClCompile Include="diana_core_utils.c">
      <Filter>Source Files</Filter>
    </ClCompile>
    <ClCompile Include="diana_gen.c">
      <Filter>Source Files</Filter>
    </ClCompile>
    <ClCompile Include="diana_list.c">
      <Filter>Source Files</Filter>
    </ClCompile>
    <ClCompile Include="diana_operands.c">
      <Filter>Source Files</Filter>
    </ClCompile>
    <ClCompile Include="diana_patchers.c">
      <Filter>Source Files</Filter>
    </ClCompile>
    <ClCompile Include="diana_pe.c">
      <Filter>Source Files</Filter>
    </ClCompile>
    <ClCompile Include="diana_pe_analyzer.c">
      <Filter>Source Files</Filter>
    </ClCompile>
    <ClCompile Include="diana_stack.c">
      <Filter>Source Files</Filter>
    </ClCompile>
    <ClCompile Include="diana_stream_proxy.c">
      <Filter>Source Files</Filter>
    </ClCompile>
    <ClCompile Include="diana_streams.c">
      <Filter>Source Files</Filter>
    </ClCompile>
    <ClCompile Include="diana_tables_16.c">
      <Filter>Source Files</Filter>
    </ClCompile>
    <ClCompile Include="diana_tables_32.c">
      <Filter>Source Files</Filter>
    </ClCompile>
    <ClCompile Include="diana_tables_common.c">
      <Filter>Source Files</Filter>
    </ClCompile>
    <ClCompile Include="diana_text_output_masm.c">
      <Filter>Source Files</Filter>
    </ClCompile>
    <ClCompile Include="diana_uids.c">
      <Filter>Source Files</Filter>
    </ClCompile>
    <ClCompile Include="diana_processor\diana_processor_cmd_a.c">
      <Filter>Source Files\processor</Filter>
    </ClCompile>
    <ClCompile Include="diana_processor\diana_processor_cmd_b.c">
      <Filter>Source Files\processor</Filter>
    </ClCompile>
    <ClCompile Include="diana_processor\diana_processor_cmd_c.c">
      <Filter>Source Files\processor</Filter>
    </ClCompile>
    <ClCompile Include="diana_processor\diana_processor_cmd_d.c">
      <Filter>Source Files\processor</Filter>
    </ClCompile>
    <ClCompile Include="diana_processor\diana_processor_cmd_fpu.c">
      <Filter>Source Files\processor</Filter>
    </ClCompile>
    <ClCompile Include="diana_processor\diana_processor_cmd_i.c">
      <Filter>Source Files\processor</Filter>
    </ClCompile>
    <ClCompile Include="diana_processor\diana_processor_cmd_imul.c">
      <Filter>Source Files\processor</Filter>
    </ClCompile>
    <ClCompile Include="diana_processor\diana_processor_cmd_internal.c">
      <Filter>Source Files\processor</Filter>
    </ClCompile>
    <ClCompile Include="diana_processor\diana_processor_cmd_internal_xmm.c">
      <Filter>Source Files\processor</Filter>
    </ClCompile>
    <ClCompile Include="diana_processor\diana_processor_cmd_j.c">
      <Filter>Source Files\processor</Filter>
    </ClCompile>
    <ClCompile Include="diana_processor\diana_processor_cmd_l.c">
      <Filter>Source Files\processor</Filter>
    </ClCompile>
    <ClCompile Include="diana_processor\diana_processor_cmd_l_xmm.c">
      <Filter>Source Files\processor</Filter>
    </ClCompile>
    <ClCompile Include="diana_processor\diana_processor_cmd_m.c">
      <Filter>Source Files\processor</Filter>
    </ClCompile>
    <ClCompile Include="diana_processor\diana_processor_cmd_m_xmm.c">
      <Filter>Source Files\processor</Filter>
    </ClCompile>
    <ClCompile Include="diana_processor\diana_processor_cmd_n.c">
      <Filter>Source Files\processor</Filter>
    </ClCompile>
    <ClCompile Include="diana_processor\diana_processor_cmd_p.c">
      <Filter>Source Files\processor</Filter>
    </ClCompile>
    <ClCompile Include="diana_processor\diana_processor_cmd_r.c">
      <Filter>Source Files\processor</Filter>
    </ClCompile>
    <ClCompile Include="diana_processor\diana_processor_cmd_s.c">
      <Filter>Source Files\processor</Filter>
    </ClCompile>
    <ClCompile Include="diana_processor\diana_processor_cmd_s2.c">
      <Filter>Source Files\processor</Filter>
    </ClCompile>
    <ClCompile Include="diana_processor\diana_processor_commands.c">
      <Filter>Source Files\processor</Filter>
    </ClCompile>
    <ClCompile Include="diana_processor\diana_processor_core.c">
      <Filter>Source Files\processor</Filter>
    </ClCompile>
    <ClCompile Include="diana_processor\diana_processor_core_impl.c">
      <Filter>Source Files\processor</Filter>
    </ClCompile>
    <ClCompile Include="diana_processor\diana_processor_core_impl_xmm.c">
      <Filter>Source Files\processor</Filter>
    </ClCompile>
    <ClCompile Include="diana_processor\diana_processor_streams.c">
      <Filter>Source Files\processor</Filter>
    </ClCompile>
    <ClCompile Include="diana_processor\softfloat\softfloat-muladd.c">
      <Filter>Source Files\processor</Filter>
    </ClCompile>
    <ClCompile Include="diana_processor\softfloat\softfloat-round-pack.c">
      <Filter>Source Files\processor</Filter>
    </ClCompile>
    <ClCompile Include="diana_processor\softfloat\softfloat-specialize.c">
      <Filter>Source Files\processor</Filter>
    </ClCompile>
    <ClCompile Include="diana_processor\softfloat\softfloat.c">
      <Filter>Source Files\processor</Filter>
    </ClCompile>
    <ClCompile Include="diana_processor\softfloat\softfloat16.c">
      <Filter>Source Files\processor</Filter>
    </ClCompile>
    <ClCompile Include="diana_processor\softfloat\softfloatx80.c">
      <Filter>Source Files\processor</Filter>
    </ClCompile>
    <ClCompile Include="diana_patchers\diana_ultimate_patcher.c">
      <Filter>Source Files\patcher</Filter>
    </ClCompile>
    <ClCompile Include="diana_patchers\diana_ultimate_patcher_32.c">
      <Filter>Source Files\patcher</Filter>
    </ClCompile>
    <ClCompile Include="diana_patchers\diana_ultimate_patcher_64.c">
      <Filter>Source Files\patcher</Filter>
    </ClCompile>
    <ClCompile Include="diana_patchers\diana_ultimate_patcher_impl.c">
      <Filter>Source Files\patcher</Filter>
    </ClCompile>
  </ItemGroup>
  <ItemGroup>
    <ClInclude Include="diana_allocators.h">
      <Filter>Header Files</Filter>
    </ClInclude>
    <ClInclude Include="diana_analyze.h">
      <Filter>Header Files</Filter>
    </ClInclude>
    <ClInclude Include="diana_analyze2.h">
      <Filter>Header Files</Filter>
    </ClInclude>
    <ClInclude Include="diana_apply_config_rules.h">
      <Filter>Header Files</Filter>
    </ClInclude>
    <ClInclude Include="diana_config.h">
      <Filter>Header Files</Filter>
    </ClInclude>
    <ClInclude Include="diana_core.h">
      <Filter>Header Files</Filter>
    </ClInclude>
    <ClInclude Include="diana_core_cpp.h">
      <Filter>Header Files</Filter>
    </ClInclude>
    <ClInclude Include="diana_core_gen_tags.h">
      <Filter>Header Files</Filter>
    </ClInclude>
    <ClInclude Include="diana_core_parsers.h">
      <Filter>Header Files</Filter>
    </ClInclude>
    <ClInclude Include="diana_core_utils.h">
      <Filter>Header Files</Filter>
    </ClInclude>
    <ClInclude Include="diana_disable_warnings.h">
      <Filter>Header Files</Filter>
    </ClInclude>
    <ClInclude Include="diana_gen.h">
      <Filter>Header Files</Filter>
    </ClInclude>
    <ClInclude Include="diana_list.h">
      <Filter>Header Files</Filter>
    </ClInclude>
    <ClInclude Include="diana_operands.h">
      <Filter>Header Files</Filter>
    </ClInclude>
    <ClInclude Include="diana_patchers.h">
      <Filter>Header Files</Filter>
    </ClInclude>
    <ClInclude Include="diana_pe.h">
      <Filter>Header Files</Filter>
    </ClInclude>
    <ClInclude Include="diana_pe_analyzer.h">
      <Filter>Header Files</Filter>
    </ClInclude>
    <ClInclude Include="diana_pe_defs.h">
      <Filter>Header Files</Filter>
    </ClInclude>
    <ClInclude Include="diana_processor\diana_proc_gen.h">
      <Filter>Header Files</Filter>
    </ClInclude>
    <ClInclude Include="diana_processor_cpp.h">
      <Filter>Header Files</Filter>
    </ClInclude>
    <ClInclude Include="diana_stack.h">
      <Filter>Header Files</Filter>
    </ClInclude>
    <ClInclude Include="diana_stream_proxy.h">
      <Filter>Header Files</Filter>
    </ClInclude>
    <ClInclude Include="diana_streams.h">
      <Filter>Header Files</Filter>
    </ClInclude>
    <ClInclude Include="diana_tables_16.h">
      <Filter>Header Files</Filter>
    </ClInclude>
    <ClInclude Include="diana_tables_32.h">
      <Filter>Header Files</Filter>
    </ClInclude>
    <ClInclude Include="diana_tables_common.h">
      <Filter>Header Files</Filter>
    </ClInclude>
    <ClInclude Include="diana_text_output_masm.h">
      <Filter>Header Files</Filter>
    </ClInclude>
    <ClInclude Include="diana_uids.h">
      <Filter>Header Files</Filter>
    </ClInclude>
    <ClInclude Include="diana_processor\diana_processor_cmd_a.h">
      <Filter>Header Files\processor</Filter>
    </ClInclude>
    <ClInclude Include="diana_processor\diana_processor_cmd_b.h">
      <Filter>Header Files\processor</Filter>
    </ClInclude>
    <ClInclude Include="diana_processor\diana_processor_cmd_c.h">
      <Filter>Header Files\processor</Filter>
    </ClInclude>
    <ClInclude Include="diana_processor\diana_processor_cmd_d.h">
      <Filter>Header Files\processor</Filter>
    </ClInclude>
    <ClInclude Include="diana_processor\diana_processor_cmd_fpu.h">
      <Filter>Header Files\processor</Filter>
    </ClInclude>
    <ClInclude Include="diana_processor\diana_processor_cmd_i.h">
      <Filter>Header Files\processor</Filter>
    </ClInclude>
    <ClInclude Include="diana_processor\diana_processor_cmd_internal.h">
      <Filter>Header Files\processor</Filter>
    </ClInclude>
    <ClInclude Include="diana_processor\diana_processor_cmd_internal_xmm.h">
      <Filter>Header Files\processor</Filter>
    </ClInclude>
    <ClInclude Include="diana_processor\diana_processor_cmd_j.h">
      <Filter>Header Files\processor</Filter>
    </ClInclude>
    <ClInclude Include="diana_processor\diana_processor_cmd_l.h">
      <Filter>Header Files\processor</Filter>
    </ClInclude>
    <ClInclude Include="diana_processor\diana_processor_cmd_l_xmm.h">
      <Filter>Header Files\processor</Filter>
    </ClInclude>
    <ClInclude Include="diana_processor\diana_processor_cmd_m.h">
      <Filter>Header Files\processor</Filter>
    </ClInclude>
    <ClInclude Include="diana_processor\diana_processor_cmd_m_xmm.h">
      <Filter>Header Files\processor</Filter>
    </ClInclude>
    <ClInclude Include="diana_processor\diana_processor_cmd_n.h">
      <Filter>Header Files\processor</Filter>
    </ClInclude>
    <ClInclude Include="diana_processor\diana_processor_cmd_p.h">
      <Filter>Header Files\processor</Filter>
    </ClInclude>
    <ClInclude Include="diana_processor\diana_processor_cmd_r.h">
      <Filter>Header Files\processor</Filter>
    </ClInclude>
    <ClInclude Include="diana_processor\diana_processor_cmd_s.h">
      <Filter>Header Files\processor</Filter>
    </ClInclude>
    <ClInclude Include="diana_processor\diana_processor_cmd_s2.h">
      <Filter>Header Files\processor</Filter>
    </ClInclude>
    <ClInclude Include="diana_processor\diana_processor_commands.h">
      <Filter>Header Files\processor</Filter>
    </ClInclude>
    <ClInclude Include="diana_processor\diana_processor_core.h">
      <Filter>Header Files\processor</Filter>
    </ClInclude>
    <ClInclude Include="diana_processor\diana_processor_core_impl.h">
      <Filter>Header Files\processor</Filter>
    </ClInclude>
    <ClInclude Include="diana_processor\diana_processor_core_impl_xmm.h">
      <Filter>Header Files\processor</Filter>
    </ClInclude>
    <ClInclude Include="diana_processor\diana_processor_impl_init.h">
      <Filter>Header Files\processor</Filter>
    </ClInclude>
    <ClInclude Include="diana_processor\diana_processor_specific.h">
      <Filter>Header Files\processor</Filter>
    </ClInclude>
    <ClInclude Include="diana_processor\diana_processor_specific_xmm.h">
      <Filter>Header Files\processor</Filter>
    </ClInclude>
    <ClInclude Include="diana_processor\diana_processor_streams.h">
      <Filter>Header Files\processor</Filter>
    </ClInclude>
    <ClInclude Include="diana_processor\softfloat\softfloat-compare.h">
      <Filter>Header Files\processor</Filter>
    </ClInclude>
    <ClInclude Include="diana_processor\softfloat\softfloat-macros.h">
      <Filter>Header Files\processor</Filter>
    </ClInclude>
    <ClInclude Include="diana_processor\softfloat\softfloat-round-pack.h">
      <Filter>Header Files\processor</Filter>
    </ClInclude>
    <ClInclude Include="diana_processor\softfloat\softfloat-specialize.h">
      <Filter>Header Files\processor</Filter>
    </ClInclude>
    <ClInclude Include="diana_processor\softfloat\softfloat.h">
      <Filter>Header Files\processor</Filter>
    </ClInclude>
    <ClInclude Include="diana_processor\softfloat\softfloat_end.h">
      <Filter>Header Files\processor</Filter>
    </ClInclude>
    <ClInclude Include="diana_processor\softfloat\softfloat_start.h">
      <Filter>Header Files\processor</Filter>
    </ClInclude>
    <ClInclude Include="diana_processor\softfloat\softfloatx80.h">
      <Filter>Header Files\processor</Filter>
    </ClInclude>
    <ClInclude Include="diana_patchers\diana_ultimate_patcher.h">
      <Filter>Header Files\patcher</Filter>
    </ClInclude>
    <ClInclude Include="diana_patchers\diana_ultimate_patcher_impl.h">
      <Filter>Header Files\patcher</Filter>
    </ClInclude>
  </ItemGroup>
  <ItemGroup>
    <None Include="diana_custom_config.inc">
      <Filter>Header Files</Filter>
    </None>
  </ItemGroup>
  <ItemGroup>
    <Text Include="diana_processor\ReadMe.txt" />
  </ItemGroup>
</Project>