<?xml version="1.0" encoding="utf-8"?>
<Project ToolsVersion="4.0" xmlns="http://schemas.microsoft.com/developer/msbuild/2003">
  <ItemGroup>
    <Filter Include="Source Files">
      <UniqueIdentifier>{4FC737F1-C7A5-4376-A066-2A32D752A2FF}</UniqueIdentifier>
      <Extensions>cpp;c;cxx;def;odl;idl;hpj;bat;asm;asmx</Extensions>
    </Filter>
    <Filter Include="Header Files">
      <UniqueIdentifier>{93995380-89BD-4b04-88EB-625FBE52EBFB}</UniqueIdentifier>
      <Extensions>h;hpp;hxx;hm;inl;inc;xsd</Extensions>
    </Filter>
    <Filter Include="Resource Files">
      <UniqueIdentifier>{67DA6AB6-F800-4c08-8B7A-83BB121AAD01}</UniqueIdentifier>
      <Extensions>rc;ico;cur;bmp;dlg;rc2;rct;bin;rgs;gif;jpg;jpeg;jpe;resx</Extensions>
    </Filter>
  </ItemGroup>
  <ItemGroup>
    <ClCompile Include="main.cpp">
      <Filter>Source Files</Filter>
    </ClCompile>
    <ClCompile Include="test_add.cpp">
      <Filter>Source Files</Filter>
    </ClCompile>
    <ClCompile Include="test_analyze.cpp">
      <Filter>Source Files</Filter>
    </ClCompile>
    <ClCompile Include="test_call.cpp">
      <Filter>Source Files</Filter>
    </ClCompile>
    <ClCompile Include="test_cmp.cpp">
      <Filter>Source Files</Filter>
    </ClCompile>
    <ClCompile Include="test_common.cpp">
      <Filter>Source Files</Filter>
    </ClCompile>
    <ClCompile Include="test_fpu_mmx32.cpp">
      <Filter>Source Files</Filter>
    </ClCompile>
    <ClCompile Include="test_imul.cpp">
      <Filter>Source Files</Filter>
    </ClCompile>
    <ClCompile Include="test_integrated.cpp">
      <Filter>Source Files</Filter>
    </ClCompile>
    <ClCompile Include="test_jmp.cpp">
      <Filter>Source Files</Filter>
    </ClCompile>
    <ClCompile Include="test_lea.cpp">
      <Filter>Source Files</Filter>
    </ClCompile>
    <ClCompile Include="test_masm1.cpp">
      <Filter>Source Files</Filter>
    </ClCompile>
    <ClCompile Include="test_mov.cpp">
      <Filter>Source Files</Filter>
    </ClCompile>
    <ClCompile Include="test_mov2.cpp">
      <Filter>Source Files</Filter>
    </ClCompile>
    <ClCompile Include="test_mov_as.cpp">
      <Filter>Source Files</Filter>
    </ClCompile>
    <ClCompile Include="test_mov_spec.cpp">
      <Filter>Source Files</Filter>
    </ClCompile>
    <ClCompile Include="test_new.cpp">
      <Filter>Source Files</Filter>
    </ClCompile>
    <ClCompile Include="test_or.cpp">
      <Filter>Source Files</Filter>
    </ClCompile>
    <ClCompile Include="test_patchers.cpp">
      <Filter>Source Files</Filter>
    </ClCompile>
    <ClCompile Include="test_push.cpp">
      <Filter>Source Files</Filter>
    </ClCompile>
    <ClCompile Include="test_stack.cpp">
      <Filter>Source Files</Filter>
    </ClCompile>
    <ClCompile Include="test_suxx.cpp">
      <Filter>Source Files</Filter>
    </ClCompile>
    <ClCompile Include="test_x64.cpp">
      <Filter>Source Files</Filter>
    </ClCompile>
    <ClCompile Include="test_x64_integrated.cpp">
      <Filter>Source Files</Filter>
    </ClCompile>
  </ItemGroup>
  <ItemGroup>
    <ClInclude Include="test_add.h">
      <Filter>Header Files</Filter>
    </ClInclude>
    <ClInclude Include="test_analyze.h">
      <Filter>Header Files</Filter>
    </ClInclude>
    <ClInclude Include="test_call.h">
      <Filter>Header Files</Filter>
    </ClInclude>
    <ClInclude Include="test_cmp.h">
      <Filter>Header Files</Filter>
    </ClInclude>
    <ClInclude Include="test_common.h">
      <Filter>Header Files</Filter>
    </ClInclude>
    <ClInclude Include="test_fpu_mmx32.h">
      <Filter>Header Files</Filter>
    </ClInclude>
    <ClInclude Include="test_imul.h">
      <Filter>Header Files</Filter>
    </ClInclude>
    <ClInclude Include="test_integrated.h">
      <Filter>Header Files</Filter>
    </ClInclude>
    <ClInclude Include="test_jmp.h">
      <Filter>Header Files</Filter>
    </ClInclude>
    <ClInclude Include="test_lea.h">
      <Filter>Header Files</Filter>
    </ClInclude>
    <ClInclude Include="test_mov.h">
      <Filter>Header Files</Filter>
    </ClInclude>
    <ClInclude Include="test_mov2.h">
      <Filter>Header Files</Filter>
    </ClInclude>
    <ClInclude Include="test_mov_as.h">
      <Filter>Header Files</Filter>
    </ClInclude>
    <ClInclude Include="test_mov_spec.h">
      <Filter>Header Files</Filter>
    </ClInclude>
    <ClInclude Include="test_new.h">
      <Filter>Header Files</Filter>
    </ClInclude>
    <ClInclude Include="test_or.h">
      <Filter>Header Files</Filter>
    </ClInclude>
    <ClInclude Include="test_push.h">
      <Filter>Header Files</Filter>
    </ClInclude>
    <ClInclude Include="test_stack.h">
      <Filter>Header Files</Filter>
    </ClInclude>
    <ClInclude Include="test_suxx.h">
      <Filter>Header Files</Filter>
    </ClInclude>
    <ClInclude Include="test_x64.h">
      <Filter>Header Files</Filter>
    </ClInclude>
    <ClInclude Include="test_x64_integrated.h">
      <Filter>Header Files</Filter>
    </ClInclude>
  </ItemGroup>
</Project>